
Microsoft Visual Studio Solution File, Format Version 12.00
# Visual Studio Version 17
VisualStudioVersion = 17.5.002.0
MinimumVisualStudioVersion = 10.0.40219.1
Project("{9A19103F-16F7-4668-BE54-9A1E7A4F7556}") = "BlazorJuiceAdmin", "BlazorJuiceAdmin.csproj", "{BD20585D-922B-4F04-B3B6-5BB27FCDCCE4}"
EndProject
Global
	GlobalSection(SolutionConfigurationPlatforms) = preSolution
		Debug|Any CPU = Debug|Any CPU
		Release|Any CPU = Release|Any CPU
	EndGlobalSection
	GlobalSection(ProjectConfigurationPlatforms) = postSolution
		{BD20585D-922B-4F04-B3B6-5BB27FCDCCE4}.Debug|Any CPU.ActiveCfg = Debug|Any CPU
		{BD20585D-922B-4F04-B3B6-5BB27FCDCCE4}.Debug|Any CPU.Build.0 = Debug|Any CPU
		{BD20585D-922B-4F04-B3B6-5BB27FCDCCE4}.Release|Any CPU.ActiveCfg = Release|Any CPU
		{BD20585D-922B-4F04-B3B6-5BB27FCDCCE4}.Release|Any CPU.Build.0 = Release|Any CPU
	EndGlobalSection
	GlobalSection(SolutionProperties) = preSolution
		HideSolutionNode = FALSE
	EndGlobalSection
	GlobalSection(ExtensibilityGlobals) = postSolution
		SolutionGuid = {28F8D6C1-1794-4B96-9154-24D893F13B5A}
	EndGlobalSection
EndGlobal
